
Microsoft Visual Studio Solution File, Format Version 12.00
# Visual Studio Version 17
VisualStudioVersion = 17.14.36518.9
MinimumVisualStudioVersion = 10.0.40219.1
Project("{8BC9CEB8-8B4A-11D0-8D11-00A0C91BC942}") = "1437DemoOfSDL", "1437DemoOfSDL\1437DemoOfSDL.vcxproj", "{224AD719-F36E-489A-981B-26170ACA2ABE}"
EndProject
Project("{8BC9CEB8-8B4A-11D0-8D11-00A0C91BC942}") = "SDL3", "..\..\..\..\Downloads\SDL-release-3.2.24\SDL-release-3.2.24\VisualC\SDL\SDL.vcxproj", "{81CE8DAF-EBB2-4761-8E45-B71ABCCA8C68}"
EndProject
Project("{8BC9CEB8-8B4A-11D0-8D11-00A0C91BC942}") = "PolymorphismSubmission", "PolymorphismSubmission\PolymorphismSubmission.vcxproj", "{B46044DF-2C97-4A93-BB28-5603599C5C7F}"
EndProject
Project("{8BC9CEB8-8B4A-11D0-8D11-00A0C91BC942}") = "November3rdStuff", "November3rdStuff\November3rdStuff.vcxproj", "{9FA39AF1-C832-4D97-9556-09B6BA79E516}"
EndProject
Project("{8BC9CEB8-8B4A-11D0-8D11-00A0C91BC942}") = "Some template stuff", "Some template stuff\Some template stuff.vcxproj", "{D04D62C8-EA4F-4ACC-9EFA-35F4EE5524AC}"
EndProject
Project("{8BC9CEB8-8B4A-11D0-8D11-00A0C91BC942}") = "Matrix assignment", "Matrix assignment\Matrix assignment.vcxproj", "{25D8E9BC-E958-40B5-826A-D0C92810B88A}"
EndProject
Project("{8BC9CEB8-8B4A-11D0-8D11-00A0C91BC942}") = "AntonioThing", "AntonioThing\AntonioThing.vcxproj", "{51E1AFEB-4ECC-4D7C-9158-14B92012034F}"
EndProject
Global
	GlobalSection(SolutionConfigurationPlatforms) = preSolution
		Debug|x64 = Debug|x64
		Debug|x86 = Debug|x86
		Release|x64 = Release|x64
		Release|x86 = Release|x86
	EndGlobalSection
	GlobalSection(ProjectConfigurationPlatforms) = postSolution
		{224AD719-F36E-489A-981B-26170ACA2ABE}.Debug|x64.ActiveCfg = Debug|x64
		{224AD719-F36E-489A-981B-26170ACA2ABE}.Debug|x64.Build.0 = Debug|x64
		{224AD719-F36E-489A-981B-26170ACA2ABE}.Debug|x86.ActiveCfg = Debug|Win32
		{224AD719-F36E-489A-981B-26170ACA2ABE}.Debug|x86.Build.0 = Debug|Win32
		{224AD719-F36E-489A-981B-26170ACA2ABE}.Release|x64.ActiveCfg = Release|x64
		{224AD719-F36E-489A-981B-26170ACA2ABE}.Release|x64.Build.0 = Release|x64
		{224AD719-F36E-489A-981B-26170ACA2ABE}.Release|x86.ActiveCfg = Release|Win32
		{224AD719-F36E-489A-981B-26170ACA2ABE}.Release|x86.Build.0 = Release|Win32
		{81CE8DAF-EBB2-4761-8E45-B71ABCCA8C68}.Debug|x64.ActiveCfg = Debug|x64
		{81CE8DAF-EBB2-4761-8E45-B71ABCCA8C68}.Debug|x64.Build.0 = Debug|x64
		{81CE8DAF-EBB2-4761-8E45-B71ABCCA8C68}.Debug|x86.ActiveCfg = Debug|Win32
		{81CE8DAF-EBB2-4761-8E45-B71ABCCA8C68}.Debug|x86.Build.0 = Debug|Win32
		{81CE8DAF-EBB2-4761-8E45-B71ABCCA8C68}.Release|x64.ActiveCfg = Release|x64
		{81CE8DAF-EBB2-4761-8E45-B71ABCCA8C68}.Release|x64.Build.0 = Release|x64
		{81CE8DAF-EBB2-4761-8E45-B71ABCCA8C68}.Release|x86.ActiveCfg = Release|Win32
		{81CE8DAF-EBB2-4761-8E45-B71ABCCA8C68}.Release|x86.Build.0 = Release|Win32
		{B46044DF-2C97-4A93-BB28-5603599C5C7F}.Debug|x64.ActiveCfg = Debug|x64
		{B46044DF-2C97-4A93-BB28-5603599C5C7F}.Debug|x64.Build.0 = Debug|x64
		{B46044DF-2C97-4A93-BB28-5603599C5C7F}.Debug|x86.ActiveCfg = Debug|Win32
		{B46044DF-2C97-4A93-BB28-5603599C5C7F}.Debug|x86.Build.0 = Debug|Win32
		{B46044DF-2C97-4A93-BB28-5603599C5C7F}.Release|x64.ActiveCfg = Release|x64
		{B46044DF-2C97-4A93-BB28-5603599C5C7F}.Release|x64.Build.0 = Release|x64
		{B46044DF-2C97-4A93-BB28-5603599C5C7F}.Release|x86.ActiveCfg = Release|Win32
		{B46044DF-2C97-4A93-BB28-5603599C5C7F}.Release|x86.Build.0 = Release|Win32
		{9FA39AF1-C832-4D97-9556-09B6BA79E516}.Debug|x64.ActiveCfg = Debug|x64
		{9FA39AF1-C832-4D97-9556-09B6BA79E516}.Debug|x64.Build.0 = Debug|x64
		{9FA39AF1-C832-4D97-9556-09B6BA79E516}.Debug|x86.ActiveCfg = Debug|Win32
		{9FA39AF1-C832-4D97-9556-09B6BA79E516}.Debug|x86.Build.0 = Debug|Win32
		{9FA39AF1-C832-4D97-9556-09B6BA79E516}.Release|x64.ActiveCfg = Release|x64
		{9FA39AF1-C832-4D97-9556-09B6BA79E516}.Release|x64.Build.0 = Release|x64
		{9FA39AF1-C832-4D97-9556-09B6BA79E516}.Release|x86.ActiveCfg = Release|Win32
		{9FA39AF1-C832-4D97-9556-09B6BA79E516}.Release|x86.Build.0 = Release|Win32
		{D04D62C8-EA4F-4ACC-9EFA-35F4EE5524AC}.Debug|x64.ActiveCfg = Debug|x64
		{D04D62C8-EA4F-4ACC-9EFA-35F4EE5524AC}.Debug|x64.Build.0 = Debug|x64
		{D04D62C8-EA4F-4ACC-9EFA-35F4EE5524AC}.Debug|x86.ActiveCfg = Debug|Win32
		{D04D62C8-EA4F-4ACC-9EFA-35F4EE5524AC}.Debug|x86.Build.0 = Debug|Win32
		{D04D62C8-EA4F-4ACC-9EFA-35F4EE5524AC}.Release|x64.ActiveCfg = Release|x64
		{D04D62C8-EA4F-4ACC-9EFA-35F4EE5524AC}.Release|x64.Build.0 = Release|x64
		{D04D62C8-EA4F-4ACC-9EFA-35F4EE5524AC}.Release|x86.ActiveCfg = Release|Win32
		{D04D62C8-EA4F-4ACC-9EFA-35F4EE5524AC}.Release|x86.Build.0 = Release|Win32
		{25D8E9BC-E958-40B5-826A-D0C92810B88A}.Debug|x64.ActiveCfg = Debug|x64
		{25D8E9BC-E958-40B5-826A-D0C92810B88A}.Debug|x64.Build.0 = Debug|x64
		{25D8E9BC-E958-40B5-826A-D0C92810B88A}.Debug|x86.ActiveCfg = Debug|Win32
		{25D8E9BC-E958-40B5-826A-D0C92810B88A}.Debug|x86.Build.0 = Debug|Win32
		{25D8E9BC-E958-40B5-826A-D0C92810B88A}.Release|x64.ActiveCfg = Release|x64
		{25D8E9BC-E958-40B5-826A-D0C92810B88A}.Release|x64.Build.0 = Release|x64
		{25D8E9BC-E958-40B5-826A-D0C92810B88A}.Release|x86.ActiveCfg = Release|Win32
		{25D8E9BC-E958-40B5-826A-D0C92810B88A}.Release|x86.Build.0 = Release|Win32
		{51E1AFEB-4ECC-4D7C-9158-14B92012034F}.Debug|x64.ActiveCfg = Debug|x64
		{51E1AFEB-4ECC-4D7C-9158-14B92012034F}.Debug|x64.Build.0 = Debug|x64
		{51E1AFEB-4ECC-4D7C-9158-14B92012034F}.Debug|x86.ActiveCfg = Debug|Win32
		{51E1AFEB-4ECC-4D7C-9158-14B92012034F}.Debug|x86.Build.0 = Debug|Win32
		{51E1AFEB-4ECC-4D7C-9158-14B92012034F}.Release|x64.ActiveCfg = Release|x64
		{51E1AFEB-4ECC-4D7C-9158-14B92012034F}.Release|x64.Build.0 = Release|x64
		{51E1AFEB-4ECC-4D7C-9158-14B92012034F}.Release|x86.ActiveCfg = Release|Win32
		{51E1AFEB-4ECC-4D7C-9158-14B92012034F}.Release|x86.Build.0 = Release|Win32
	EndGlobalSection
	GlobalSection(SolutionProperties) = preSolution
		HideSolutionNode = FALSE
	EndGlobalSection
	GlobalSection(ExtensibilityGlobals) = postSolution
		SolutionGuid = {4FB38163-C812-48A9-BEB1-060F0CA68B2F}
	EndGlobalSection
EndGlobal
